// !$*UTF8*$!
{
	archiveVersion = 1;
	classes = {
	};
	objectVersion = 51;
	objects = {

/* Begin PBXBuildFile section */
		8AE1B20E890D0ECE5661889A /* Pods_jsonBin_SignIn_Prac1.framework in Frameworks */ = {isa = PBXBuildFile; fileRef = D7A928178A21F31939C7D556 /* Pods_jsonBin_SignIn_Prac1.framework */; };
		B3C97AE32517EA990082F113 /* jsonBin_SignIn_Prac1App.swift in Sources */ = {isa = PBXBuildFile; fileRef = B3C97AE22517EA990082F113 /* jsonBin_SignIn_Prac1App.swift */; };
		B3C97AE52517EA990082F113 /* ContentView.swift in Sources */ = {isa = PBXBuildFile; fileRef = B3C97AE42517EA990082F113 /* ContentView.swift */; };
		B3C97AE72517EA9A0082F113 /* Assets.xcassets in Resources */ = {isa = PBXBuildFile; fileRef = B3C97AE62517EA9A0082F113 /* Assets.xcassets */; };
		B3C97AEA2517EA9A0082F113 /* Preview Assets.xcassets in Resources */ = {isa = PBXBuildFile; fileRef = B3C97AE92517EA9A0082F113 /* Preview Assets.xcassets */; };
		B3C97AF32517EDA80082F113 /* User.swift in Sources */ = {isa = PBXBuildFile; fileRef = B3C97AF22517EDA80082F113 /* User.swift */; };
		B3C97AF72518465B0082F113 /* JB.swift in Sources */ = {isa = PBXBuildFile; fileRef = B3C97AF62518465B0082F113 /* JB.swift */; };
/* End PBXBuildFile section */

/* Begin PBXFileReference section */
		7170B378028D7F2C3DC251CC /* Pods-jsonBin_SignIn_Prac1.release.xcconfig */ = {isa = PBXFileReference; includeInIndex = 1; lastKnownFileType = text.xcconfig; name = "Pods-jsonBin_SignIn_Prac1.release.xcconfig"; path = "Target Support Files/Pods-jsonBin_SignIn_Prac1/Pods-jsonBin_SignIn_Prac1.release.xcconfig"; sourceTree = "<group>"; };
		8B4DAE674947CCC8ED3C1DF9 /* Pods-jsonBin_SignIn_Prac1.debug.xcconfig */ = {isa = PBXFileReference; includeInIndex = 1; lastKnownFileType = text.xcconfig; name = "Pods-jsonBin_SignIn_Prac1.debug.xcconfig"; path = "Target Support Files/Pods-jsonBin_SignIn_Prac1/Pods-jsonBin_SignIn_Prac1.debug.xcconfig"; sourceTree = "<group>"; };
		B3C97ADF2517EA990082F113 /* jsonBin_SignIn_Prac1.app */ = {isa = PBXFileReference; explicitFileType = wrapper.application; includeInIndex = 0; path = jsonBin_SignIn_Prac1.app; sourceTree = BUILT_PRODUCTS_DIR; };
		B3C97AE22517EA990082F113 /* jsonBin_SignIn_Prac1App.swift */ = {isa = PBXFileReference; lastKnownFileType = sourcecode.swift; path = jsonBin_SignIn_Prac1App.swift; sourceTree = "<group>"; };
		B3C97AE42517EA990082F113 /* ContentView.swift */ = {isa = PBXFileReference; lastKnownFileType = sourcecode.swift; path = ContentView.swift; sourceTree = "<group>"; };
		B3C97AE62517EA9A0082F113 /* Assets.xcassets */ = {isa = PBXFileReference; lastKnownFileType = folder.assetcatalog; path = Assets.xcassets; sourceTree = "<group>"; };
		B3C97AE92517EA9A0082F113 /* Preview Assets.xcassets */ = {isa = PBXFileReference; lastKnownFileType = folder.assetcatalog; path = "Preview Assets.xcassets"; sourceTree = "<group>"; };
		B3C97AEB2517EA9A0082F113 /* Info.plist */ = {isa = PBXFileReference; lastKnownFileType = text.plist.xml; path = Info.plist; sourceTree = "<group>"; };
		B3C97AF22517EDA80082F113 /* User.swift */ = {isa = PBXFileReference; lastKnownFileType = sourcecode.swift; path = User.swift; sourceTree = "<group>"; };
		B3C97AF62518465B0082F113 /* JB.swift */ = {isa = PBXFileReference; lastKnownFileType = sourcecode.swift; path = JB.swift; sourceTree = "<group>"; };
		D7A928178A21F31939C7D556 /* Pods_jsonBin_SignIn_Prac1.framework */ = {isa = PBXFileReference; explicitFileType = wrapper.framework; includeInIndex = 0; path = Pods_jsonBin_SignIn_Prac1.framework; sourceTree = BUILT_PRODUCTS_DIR; };
/* End PBXFileReference section */

/* Begin PBXFrameworksBuildPhase section */
		B3C97ADC2517EA990082F113 /* Frameworks */ = {
			isa = PBXFrameworksBuildPhase;
			buildActionMask = 2147483647;
			files = (
				8AE1B20E890D0ECE5661889A /* Pods_jsonBin_SignIn_Prac1.framework in Frameworks */,
			);
			runOnlyForDeploymentPostprocessing = 0;
		};
/* End PBXFrameworksBuildPhase section */

/* Begin PBXGroup section */
		A109BDB18280223489FFA286 /* Pods */ = {
			isa = PBXGroup;
			children = (
				8B4DAE674947CCC8ED3C1DF9 /* Pods-jsonBin_SignIn_Prac1.debug.xcconfig */,
				7170B378028D7F2C3DC251CC /* Pods-jsonBin_SignIn_Prac1.release.xcconfig */,
			);
			path = Pods;
			sourceTree = "<group>";
		};
		B37BC13D2519B1D800995E2C /* Views */ = {
			isa = PBXGroup;
			children = (
				B3C97AE42517EA990082F113 /* ContentView.swift */,
				B37BC13E2519B1E700995E2C /* OnBoardingViews */,
			);
			path = Views;
			sourceTree = "<group>";
		};
		B37BC13E2519B1E700995E2C /* OnBoardingViews */ = {
			isa = PBXGroup;
			children = (
			);
			path = OnBoardingViews;
			sourceTree = "<group>";
		};
		B3C97AD62517EA990082F113 = {
			isa = PBXGroup;
			children = (
				B3C97AE12517EA990082F113 /* jsonBin_SignIn_Prac1 */,
				B3C97AE02517EA990082F113 /* Products */,
				A109BDB18280223489FFA286 /* Pods */,
				FBD11482DBF78596CDB88798 /* Frameworks */,
			);
			sourceTree = "<group>";
		};
		B3C97AE02517EA990082F113 /* Products */ = {
			isa = PBXGroup;
			children = (
				B3C97ADF2517EA990082F113 /* jsonBin_SignIn_Prac1.app */,
			);
			name = Products;
			sourceTree = "<group>";
		};
		B3C97AE12517EA990082F113 /* jsonBin_SignIn_Prac1 */ = {
			isa = PBXGroup;
			children = (
				B3C97AE22517EA990082F113 /* jsonBin_SignIn_Prac1App.swift */,
				B37BC13D2519B1D800995E2C /* Views */,
				B3C97AF5251846410082F113 /* Models */,
				B3C97AE62517EA9A0082F113 /* Assets.xcassets */,
				B3C97AEB2517EA9A0082F113 /* Info.plist */,
				B3C97AE82517EA9A0082F113 /* Preview Content */,
			);
			path = jsonBin_SignIn_Prac1;
			sourceTree = "<group>";
		};
		B3C97AE82517EA9A0082F113 /* Preview Content */ = {
			isa = PBXGroup;
			children = (
				B3C97AE92517EA9A0082F113 /* Preview Assets.xcassets */,
			);
			path = "Preview Content";
			sourceTree = "<group>";
		};
		B3C97AF5251846410082F113 /* Models */ = {
			isa = PBXGroup;
			children = (
				B3C97AF22517EDA80082F113 /* User.swift */,
				B3C97AF62518465B0082F113 /* JB.swift */,
			);
			path = Models;
			sourceTree = "<group>";
		};
		FBD11482DBF78596CDB88798 /* Frameworks */ = {
			isa = PBXGroup;
			children = (
				D7A928178A21F31939C7D556 /* Pods_jsonBin_SignIn_Prac1.framework */,
			);
			name = Frameworks;
			sourceTree = "<group>";
		};
/* End PBXGroup section */

/* Begin PBXNativeTarget section */
		B3C97ADE2517EA990082F113 /* jsonBin_SignIn_Prac1 */ = {
			isa = PBXNativeTarget;
			buildConfigurationList = B3C97AEE2517EA9A0082F113 /* Build configuration list for PBXNativeTarget "jsonBin_SignIn_Prac1" */;
			buildPhases = (
				FC9E377C40B53BC13A4FD8CD /* [CP] Check Pods Manifest.lock */,
				B3C97ADB2517EA990082F113 /* Sources */,
				B3C97ADC2517EA990082F113 /* Frameworks */,
				B3C97ADD2517EA990082F113 /* Resources */,
				E63337F3045B728ABEF21EA8 /* [CP] Embed Pods Frameworks */,
			);
			buildRules = (
			);
			dependencies = (
			);
			name = jsonBin_SignIn_Prac1;
			productName = jsonBin_SignIn_Prac1;
			productReference = B3C97ADF2517EA990082F113 /* jsonBin_SignIn_Prac1.app */;
			productType = "com.apple.product-type.application";
		};
/* End PBXNativeTarget section */

/* Begin PBXProject section */
		B3C97AD72517EA990082F113 /* Project object */ = {
			isa = PBXProject;
			attributes = {
				LastSwiftUpdateCheck = 1200;
				LastUpgradeCheck = 1200;
				TargetAttributes = {
					B3C97ADE2517EA990082F113 = {
						CreatedOnToolsVersion = 12.0;
					};
				};
			};
			buildConfigurationList = B3C97ADA2517EA990082F113 /* Build configuration list for PBXProject "jsonBin_SignIn_Prac1" */;
			compatibilityVersion = "Xcode 9.3";
			developmentRegion = en;
			hasScannedForEncodings = 0;
			knownRegions = (
				en,
				Base,
			);
			mainGroup = B3C97AD62517EA990082F113;
			productRefGroup = B3C97AE02517EA990082F113 /* Products */;
			projectDirPath = "";
			projectRoot = "";
			targets = (
				B3C97ADE2517EA990082F113 /* jsonBin_SignIn_Prac1 */,
			);
		};
/* End PBXProject section */

/* Begin PBXResourcesBuildPhase section */
		B3C97ADD2517EA990082F113 /* Resources */ = {
			isa = PBXResourcesBuildPhase;
			buildActionMask = 2147483647;
			files = (
				B3C97AEA2517EA9A0082F113 /* Preview Assets.xcassets in Resources */,
				B3C97AE72517EA9A0082F113 /* Assets.xcassets in Resources */,
			);
			runOnlyForDeploymentPostprocessing = 0;
		};
/* End PBXResourcesBuildPhase section */

/* Begin PBXShellScriptBuildPhase section */
		E63337F3045B728ABEF21EA8 /* [CP] Embed Pods Frameworks */ = {
			isa = PBXShellScriptBuildPhase;
			buildActionMask = 2147483647;
			files = (
			);
			inputFileListPaths = (
				"${PODS_ROOT}/Target Support Files/Pods-jsonBin_SignIn_Prac1/Pods-jsonBin_SignIn_Prac1-frameworks-${CONFIGURATION}-input-files.xcfilelist",
			);
			name = "[CP] Embed Pods Frameworks";
			outputFileListPaths = (
				"${PODS_ROOT}/Target Support Files/Pods-jsonBin_SignIn_Prac1/Pods-jsonBin_SignIn_Prac1-frameworks-${CONFIGURATION}-output-files.xcfilelist",
			);
			runOnlyForDeploymentPostprocessing = 0;
			shellPath = /bin/sh;
			shellScript = "\"${PODS_ROOT}/Target Support Files/Pods-jsonBin_SignIn_Prac1/Pods-jsonBin_SignIn_Prac1-frameworks.sh\"\n";
			showEnvVarsInLog = 0;
		};
		FC9E377C40B53BC13A4FD8CD /* [CP] Check Pods Manifest.lock */ = {
			isa = PBXShellScriptBuildPhase;
			buildActionMask = 2147483647;
			files = (
			);
			inputFileListPaths = (
			);
			inputPaths = (
				"${PODS_PODFILE_DIR_PATH}/Podfile.lock",
				"${PODS_ROOT}/Manifest.lock",
			);
			name = "[CP] Check Pods Manifest.lock";
			outputFileListPaths = (
			);
			outputPaths = (
				"$(DERIVED_FILE_DIR)/Pods-jsonBin_SignIn_Prac1-checkManifestLockResult.txt",
			);
			runOnlyForDeploymentPostprocessing = 0;
			shellPath = /bin/sh;
			shellScript = "diff \"${PODS_PODFILE_DIR_PATH}/Podfile.lock\" \"${PODS_ROOT}/Manifest.lock\" > /dev/null\nif [ $? != 0 ] ; then\n    # print error to STDERR\n    echo \"error: The sandbox is not in sync with the Podfile.lock. Run 'pod install' or update your CocoaPods installation.\" >&2\n    exit 1\nfi\n# This output is used by Xcode 'outputs' to avoid re-running this script phase.\necho \"SUCCESS\" > \"${SCRIPT_OUTPUT_FILE_0}\"\n";
			showEnvVarsInLog = 0;
		};
/* End PBXShellScriptBuildPhase section */

/* Begin PBXSourcesBuildPhase section */
		B3C97ADB2517EA990082F113 /* Sources */ = {
			isa = PBXSourcesBuildPhase;
			buildActionMask = 2147483647;
			files = (
				B3C97AE52517EA990082F113 /* ContentView.swift in Sources */,
				B3C97AE32517EA990082F113 /* jsonBin_SignIn_Prac1App.swift in Sources */,
				B3C97AF32517EDA80082F113 /* User.swift in Sources */,
				B3C97AF72518465B0082F113 /* JB.swift in Sources */,
			);
			runOnlyForDeploymentPostprocessing = 0;
		};
/* End PBXSourcesBuildPhase section */

/* Begin XCBuildConfiguration section */
		B3C97AEC2517EA9A0082F113 /* Debug */ = {
			isa = XCBuildConfiguration;
			buildSettings = {
				ALWAYS_SEARCH_USER_PATHS = NO;
				CLANG_ANALYZER_NONNULL = YES;
				CLANG_ANALYZER_NUMBER_OBJECT_CONVERSION = YES_AGGRESSIVE;
				CLANG_CXX_LANGUAGE_STANDARD = "gnu++14";
				CLANG_CXX_LIBRARY = "libc++";
				CLANG_ENABLE_MODULES = YES;
				CLANG_ENABLE_OBJC_ARC = YES;
				CLANG_ENABLE_OBJC_WEAK = YES;
				CLANG_WARN_BLOCK_CAPTURE_AUTORELEASING = YES;
				CLANG_WARN_BOOL_CONVERSION = YES;
				CLANG_WARN_COMMA = YES;
				CLANG_WARN_CONSTANT_CONVERSION = YES;
				CLANG_WARN_DEPRECATED_OBJC_IMPLEMENTATIONS = YES;
				CLANG_WARN_DIRECT_OBJC_ISA_USAGE = YES_ERROR;
				CLANG_WARN_DOCUMENTATION_COMMENTS = YES;
				CLANG_WARN_EMPTY_BODY = YES;
				CLANG_WARN_ENUM_CONVERSION = YES;
				CLANG_WARN_INFINITE_RECURSION = YES;
				CLANG_WARN_INT_CONVERSION = YES;
				CLANG_WARN_NON_LITERAL_NULL_CONVERSION = YES;
				CLANG_WARN_OBJC_IMPLICIT_RETAIN_SELF = YES;
				CLANG_WARN_OBJC_LITERAL_CONVERSION = YES;
				CLANG_WARN_OBJC_ROOT_CLASS = YES_ERROR;
				CLANG_WARN_QUOTED_INCLUDE_IN_FRAMEWORK_HEADER = YES;
				CLANG_WARN_RANGE_LOOP_ANALYSIS = YES;
				CLANG_WARN_STRICT_PROTOTYPES = YES;
				CLANG_WARN_SUSPICIOUS_MOVE = YES;
				CLANG_WARN_UNGUARDED_AVAILABILITY = YES_AGGRESSIVE;
				CLANG_WARN_UNREACHABLE_CODE = YES;
				CLANG_WARN__DUPLICATE_METHOD_MATCH = YES;
				COPY_PHASE_STRIP = NO;
				DEBUG_INFORMATION_FORMAT = dwarf;
				ENABLE_STRICT_OBJC_MSGSEND = YES;
				ENABLE_TESTABILITY = YES;
				GCC_C_LANGUAGE_STANDARD = gnu11;
				GCC_DYNAMIC_NO_PIC = NO;
				GCC_NO_COMMON_BLOCKS = YES;
				GCC_OPTIMIZATION_LEVEL = 0;
				GCC_PREPROCESSOR_DEFINITIONS = (
					"DEBUG=1",
					"$(inherited)",
				);
				GCC_WARN_64_TO_32_BIT_CONVERSION = YES;
				GCC_WARN_ABOUT_RETURN_TYPE = YES_ERROR;
				GCC_WARN_UNDECLARED_SELECTOR = YES;
				GCC_WARN_UNINITIALIZED_AUTOS = YES_AGGRESSIVE;
				GCC_WARN_UNUSED_FUNCTION = YES;
				GCC_WARN_UNUSED_VARIABLE = YES;
				IPHONEOS_DEPLOYMENT_TARGET = 14.0;
				MTL_ENABLE_DEBUG_INFO = INCLUDE_SOURCE;
				MTL_FAST_MATH = YES;
				ONLY_ACTIVE_ARCH = YES;
				SDKROOT = iphoneos;
				SWIFT_ACTIVE_COMPILATION_CONDITIONS = DEBUG;
				SWIFT_OPTIMIZATION_LEVEL = "-Onone";
			};
			name = Debug;
		};
		B3C97AED2517EA9A0082F113 /* Release */ = {
			isa = XCBuildConfiguration;
			buildSettings = {
				ALWAYS_SEARCH_USER_PATHS = NO;
				CLANG_ANALYZER_NONNULL = YES;
				CLANG_ANALYZER_NUMBER_OBJECT_CONVERSION = YES_AGGRESSIVE;
				CLANG_CXX_LANGUAGE_STANDARD = "gnu++14";
				CLANG_CXX_LIBRARY = "libc++";
				CLANG_ENABLE_MODULES = YES;
				CLANG_ENABLE_OBJC_ARC = YES;
				CLANG_ENABLE_OBJC_WEAK = YES;
				CLANG_WARN_BLOCK_CAPTURE_AUTORELEASING = YES;
				CLANG_WARN_BOOL_CONVERSION = YES;
				CLANG_WARN_COMMA = YES;
				CLANG_WARN_CONSTANT_CONVERSION = YES;
				CLANG_WARN_DEPRECATED_OBJC_IMPLEMENTATIONS = YES;
				CLANG_WARN_DIRECT_OBJC_ISA_USAGE = YES_ERROR;
				CLANG_WARN_DOCUMENTATION_COMMENTS = YES;
				CLANG_WARN_EMPTY_BODY = YES;
				CLANG_WARN_ENUM_CONVERSION = YES;
				CLANG_WARN_INFINITE_RECURSION = YES;
				CLANG_WARN_INT_CONVERSION = YES;
				CLANG_WARN_NON_LITERAL_NULL_CONVERSION = YES;
				CLANG_WARN_OBJC_IMPLICIT_RETAIN_SELF = YES;
				CLANG_WARN_OBJC_LITERAL_CONVERSION = YES;
				CLANG_WARN_OBJC_ROOT_CLASS = YES_ERROR;
				CLANG_WARN_QUOTED_INCLUDE_IN_FRAMEWORK_HEADER = YES;
				CLANG_WARN_RANGE_LOOP_ANALYSIS = YES;
				CLANG_WARN_STRICT_PROTOTYPES = YES;
				CLANG_WARN_SUSPICIOUS_MOVE = YES;
				CLANG_WARN_UNGUARDED_AVAILABILITY = YES_AGGRESSIVE;
				CLANG_WARN_UNREACHABLE_CODE = YES;
				CLANG_WARN__DUPLICATE_METHOD_MATCH = YES;
				COPY_PHASE_STRIP = NO;
				DEBUG_INFORMATION_FORMAT = "dwarf-with-dsym";
				ENABLE_NS_ASSERTIONS = NO;
				ENABLE_STRICT_OBJC_MSGSEND = YES;
				GCC_C_LANGUAGE_STANDARD = gnu11;
				GCC_NO_COMMON_BLOCKS = YES;
				GCC_WARN_64_TO_32_BIT_CONVERSION = YES;
				GCC_WARN_ABOUT_RETURN_TYPE = YES_ERROR;
				GCC_WARN_UNDECLARED_SELECTOR = YES;
				GCC_WARN_UNINITIALIZED_AUTOS = YES_AGGRESSIVE;
				GCC_WARN_UNUSED_FUNCTION = YES;
				GCC_WARN_UNUSED_VARIABLE = YES;
				IPHONEOS_DEPLOYMENT_TARGET = 14.0;
				MTL_ENABLE_DEBUG_INFO = NO;
				MTL_FAST_MATH = YES;
				SDKROOT = iphoneos;
				SWIFT_COMPILATION_MODE = wholemodule;
				SWIFT_OPTIMIZATION_LEVEL = "-O";
				VALIDATE_PRODUCT = YES;
			};
			name = Release;
		};
		B3C97AEF2517EA9A0082F113 /* Debug */ = {
			isa = XCBuildConfiguration;
			baseConfigurationReference = 8B4DAE674947CCC8ED3C1DF9 /* Pods-jsonBin_SignIn_Prac1.debug.xcconfig */;
			buildSettings = {
				ASSETCATALOG_COMPILER_APPICON_NAME = AppIcon;
				ASSETCATALOG_COMPILER_GLOBAL_ACCENT_COLOR_NAME = AccentColor;
				CODE_SIGN_STYLE = Automatic;
				DEVELOPMENT_ASSET_PATHS = "\"jsonBin_SignIn_Prac1/Preview Content\"";
				DEVELOPMENT_TEAM = 5AJ5NZESYF;
				ENABLE_PREVIEWS = YES;
				INFOPLIST_FILE = jsonBin_SignIn_Prac1/Info.plist;
				IPHONEOS_DEPLOYMENT_TARGET = 14.0;
				LD_RUNPATH_SEARCH_PATHS = (
					"$(inherited)",
					"@executable_path/Frameworks",
				);
				PRODUCT_BUNDLE_IDENTIFIER = "honeykom.jsonBin-SignIn-Prac1";
				PRODUCT_NAME = "$(TARGET_NAME)";
				SWIFT_VERSION = 5.0;
				TARGETED_DEVICE_FAMILY = "1,2";
			};
			name = Debug;
		};
		B3C97AF02517EA9A0082F113 /* Release */ = {
			isa = XCBuildConfiguration;
			baseConfigurationReference = 7170B378028D7F2C3DC251CC /* Pods-jsonBin_SignIn_Prac1.release.xcconfig */;
			buildSettings = {
				ASSETCATALOG_COMPILER_APPICON_NAME = AppIcon;
				ASSETCATALOG_COMPILER_GLOBAL_ACCENT_COLOR_NAME = AccentColor;
				CODE_SIGN_STYLE = Automatic;
				DEVELOPMENT_ASSET_PATHS = "\"jsonBin_SignIn_Prac1/Preview Content\"";
				DEVELOPMENT_TEAM = 5AJ5NZESYF;
				ENABLE_PREVIEWS = YES;
				INFOPLIST_FILE = jsonBin_SignIn_Prac1/Info.plist;
				IPHONEOS_DEPLOYMENT_TARGET = 14.0;
				LD_RUNPATH_SEARCH_PATHS = (
					"$(inherited)",
					"@executable_path/Frameworks",
				);
				PRODUCT_BUNDLE_IDENTIFIER = "honeykom.jsonBin-SignIn-Prac1";
				PRODUCT_NAME = "$(TARGET_NAME)";
				SWIFT_VERSION = 5.0;
				TARGETED_DEVICE_FAMILY = "1,2";
			};
			name = Release;
		};
/* End XCBuildConfiguration section */

/* Begin XCConfigurationList section */
		B3C97ADA2517EA990082F113 /* Build configuration list for PBXProject "jsonBin_SignIn_Prac1" */ = {
			isa = XCConfigurationList;
			buildConfigurations = (
				B3C97AEC2517EA9A0082F113 /* Debug */,
				B3C97AED2517EA9A0082F113 /* Release */,
			);
			defaultConfigurationIsVisible = 0;
			defaultConfigurationName = Release;
		};
		B3C97AEE2517EA9A0082F113 /* Build configuration list for PBXNativeTarget "jsonBin_SignIn_Prac1" */ = {
			isa = XCConfigurationList;
			buildConfigurations = (
				B3C97AEF2517EA9A0082F113 /* Debug */,
				B3C97AF02517EA9A0082F113 /* Release */,
			);
			defaultConfigurationIsVisible = 0;
			defaultConfigurationName = Release;
		};
/* End XCConfigurationList section */
	};
	rootObject = B3C97AD72517EA990082F113 /* Project object */;
}
